
Microsoft Visual Studio Solution File, Format Version 12.00
# Visual Studio Version 17
VisualStudioVersion = 17.7.34024.191
MinimumVisualStudioVersion = 10.0.40219.1
Project("{9A19103F-16F7-4668-BE54-9A1E7A4F7556}") = "Dong A", "Book Store\Dong A.csproj", "{10D125C1-7DCF-454C-8CCB-119D83D4DCC0}"
EndProject
Global
	GlobalSection(SolutionConfigurationPlatforms) = preSolution
		Debug|Any CPU = Debug|Any CPU
		Release|Any CPU = Release|Any CPU
	EndGlobalSection
	GlobalSection(ProjectConfigurationPlatforms) = postSolution
		{10D125C1-7DCF-454C-8CCB-119D83D4DCC0}.Debug|Any CPU.ActiveCfg = Debug|Any CPU
		{10D125C1-7DCF-454C-8CCB-119D83D4DCC0}.Debug|Any CPU.Build.0 = Debug|Any CPU
		{10D125C1-7DCF-454C-8CCB-119D83D4DCC0}.Release|Any CPU.ActiveCfg = Release|Any CPU
		{10D125C1-7DCF-454C-8CCB-119D83D4DCC0}.Release|Any CPU.Build.0 = Release|Any CPU
	EndGlobalSection
	GlobalSection(SolutionProperties) = preSolution
		HideSolutionNode = FALSE
	EndGlobalSection
	GlobalSection(ExtensibilityGlobals) = postSolution
		SolutionGuid = {CC86BF2D-8000-4138-B31E-8517B1E689B7}
	EndGlobalSection
EndGlobal
